<?xml version="1.0" encoding="utf-8"?>
<Project ToolsVersion="4.0" xmlns="http://schemas.microsoft.com/developer/msbuild/2003">
  <ItemGroup>
    <!-- ── 필터 정의 ── -->
    <Filter Include="Common">
      <UniqueIdentifier>{A1B2C3D4-0001-0001-0001-000000000001}</UniqueIdentifier>
    </Filter>
    <Filter Include="Assembler">
      <UniqueIdentifier>{A1B2C3D4-0001-0001-0001-000000000002}</UniqueIdentifier>
    </Filter>
    <Filter Include="Assembler\Interface">
      <UniqueIdentifier>{A1B2C3D4-0001-0001-0001-000000000003}</UniqueIdentifier>
    </Filter>
    <Filter Include="Assembler\Tokenizer">
      <UniqueIdentifier>{A1B2C3D4-0001-0001-0001-000000000004}</UniqueIdentifier>
    </Filter>
    <Filter Include="Assembler\Parser">
      <UniqueIdentifier>{A1B2C3D4-0001-0001-0001-000000000005}</UniqueIdentifier>
    </Filter>
    <Filter Include="Checker">
      <UniqueIdentifier>{A1B2C3D4-0001-0001-0001-000000000006}</UniqueIdentifier>
    </Filter>
    <Filter Include="Checker\Interface">
      <UniqueIdentifier>{A1B2C3D4-0001-0001-0001-000000000007}</UniqueIdentifier>
    </Filter>
    <Filter Include="Executor">
      <UniqueIdentifier>{A1B2C3D4-0001-0001-0001-000000000008}</UniqueIdentifier>
    </Filter>
    <Filter Include="Executor\Interface">
      <UniqueIdentifier>{A1B2C3D4-0001-0001-0001-000000000009}</UniqueIdentifier>
    </Filter>
    <Filter Include="Test">
      <UniqueIdentifier>{A1B2C3D4-0001-0001-0001-000000000010}</UniqueIdentifier>
    </Filter>
    <Filter Include="Test\Mocks">
      <UniqueIdentifier>{A1B2C3D4-0001-0001-0001-000000000011}</UniqueIdentifier>
    </Filter>
    <Filter Include="Shell">
      <UniqueIdentifier>{A1B2C3D4-0001-0001-0001-000000000012}</UniqueIdentifier>
    </Filter>
    <Filter Include="Optimizer">
      <UniqueIdentifier>{A1B2C3D4-0001-0001-0001-000000000013}</UniqueIdentifier>
    </Filter>
  </ItemGroup>
  <ItemGroup>
    <None Include="packages.config" />
  </ItemGroup>
  <!-- ── 헤더 파일 ── -->
  <ItemGroup>
    <ClInclude Include="src\common\Token.h">
      <Filter>Common</Filter>
    </ClInclude>
    <ClInclude Include="src\common\Expr.h">
      <Filter>Common</Filter>
    </ClInclude>
    <ClInclude Include="src\common\Stmt.h">
      <Filter>Common</Filter>
    </ClInclude>
    <ClInclude Include="src\assembler\ITokenizer.h">
      <Filter>Assembler\Interface</Filter>
    </ClInclude>
    <ClInclude Include="src\assembler\Tokenizer.h">
      <Filter>Assembler\Tokenizer</Filter>
    </ClInclude>
    <ClInclude Include="src\assembler\IParser.h">
      <Filter>Assembler\Interface</Filter>
    </ClInclude>
    <ClInclude Include="src\assembler\Parser.h">
      <Filter>Assembler\Parser</Filter>
    </ClInclude>
    <ClInclude Include="src\checker\IChecker.h">
      <Filter>Checker\Interface</Filter>
    </ClInclude>
    <ClInclude Include="src\checker\Checker.h">
      <Filter>Checker</Filter>
    </ClInclude>
    <ClInclude Include="src\executor\IExecutor.h">
      <Filter>Executor\Interface</Filter>
    </ClInclude>
    <ClInclude Include="src\executor\Executor.h">
      <Filter>Executor</Filter>
    </ClInclude>
    <ClInclude Include="src\executor\IStmtHook.h">
      <Filter>Executor\Interface</Filter>
    </ClInclude>
    <ClInclude Include="src\shell\Shell.h">
      <Filter>Shell</Filter>
    </ClInclude>
    <ClInclude Include="src\shell\Debugger.h">
      <Filter>Shell</Filter>
    </ClInclude>
    <ClInclude Include="src\shell\ShellLauncher.h">
      <Filter>Shell</Filter>
    </ClInclude>
    <ClInclude Include="src\optimizer\IOptimizer.h">
      <Filter>Optimizer</Filter>
    </ClInclude>
    <ClInclude Include="src\optimizer\NoOpOptimizer.h">
      <Filter>Optimizer</Filter>
    </ClInclude>
    <ClInclude Include="src\optimizer\ConstantFoldingOptimizer.h">
      <Filter>Optimizer</Filter>
    </ClInclude>
    <ClInclude Include="src\optimizer\StaticBindingOptimizer.h">
      <Filter>Optimizer</Filter>
    </ClInclude>
  </ItemGroup>
  <!-- ── 소스 파일 ── -->
  <ItemGroup>
    <ClCompile Include="test_main.cpp">
      <Filter>Test</Filter>
    </ClCompile>
    <ClCompile Include="src\assembler\Tokenizer.cpp">
      <Filter>Assembler\Tokenizer</Filter>
    </ClCompile>
    <ClCompile Include="src\assembler\Parser.cpp">
      <Filter>Assembler\Parser</Filter>
    </ClCompile>
    <ClCompile Include="src\checker\Checker.cpp">
      <Filter>Checker</Filter>
    </ClCompile>
    <ClCompile Include="src\executor\Executor.cpp">
      <Filter>Executor</Filter>
    </ClCompile>
    <ClCompile Include="test\Tokenizer_test.cpp">
      <Filter>Test</Filter>
    </ClCompile>
    <ClCompile Include="test\Parser_test.cpp">
      <Filter>Test</Filter>
    </ClCompile>
    <ClCompile Include="test\Checker_test.cpp">
      <Filter>Test</Filter>
    </ClCompile>
    <ClCompile Include="test\Executor_test.cpp">
      <Filter>Test</Filter>
    </ClCompile>
    <ClCompile Include="src\shell\Shell.cpp">
      <Filter>Shell</Filter>
    </ClCompile>
    <ClCompile Include="src\shell\Debugger.cpp">
      <Filter>Shell</Filter>
    </ClCompile>
    <ClCompile Include="src\shell\ShellLauncher.cpp">
      <Filter>Shell</Filter>
    </ClCompile>
    <ClCompile Include="test\FactoryShell_test.cpp">
      <Filter>Test</Filter>
    </ClCompile>
    <ClCompile Include="test\Shell_test.cpp">
      <Filter>Test</Filter>
    </ClCompile>
    <ClCompile Include="test\Script_test.cpp">
      <Filter>Test</Filter>
    </ClCompile>
    <ClCompile Include="$(MSBuildThisFileDirectory)..\..\lib\native\src\gtest\gtest-all.cc" />
    <ClCompile Include="$(MSBuildThisFileDirectory)..\..\lib\native\src\gmock\gmock-all.cc" />
    <ClCompile Include="test\ShellConstantFoldingOptimizer_test.cpp">
      <Filter>Test</Filter>
    </ClCompile>
    <ClCompile Include="test\ConstantFoldingOptimizer_test.cpp">
      <Filter>Test</Filter>
    </ClCompile>
    <ClCompile Include="src\optimizer\ConstantFoldingOptimizer.cpp">
      <Filter>Optimizer</Filter>
    </ClCompile>
    <ClCompile Include="test\Array_test.cpp">
      <Filter>Test</Filter>
    </ClCompile>
    <ClCompile Include="test\Function_test.cpp">
      <Filter>Test</Filter>
    </ClCompile>
    <ClCompile Include="test\StaticBinding_test.cpp">
      <Filter>Test</Filter>
    </ClCompile>
  </ItemGroup>
</Project>